
Microsoft Visual Studio Solution File, Format Version 12.00
# Visual Studio Version 17
VisualStudioVersion = 17.9.34622.214
MinimumVisualStudioVersion = 10.0.40219.1
Project("{FAE04EC0-301F-11D3-BF4B-00C04F79EFBC}") = "structural design patterns", "structural design patterns\structural design patterns.csproj", "{8E2D17FB-8B37-44B1-843E-37525DCB485E}"
EndProject
Global
	GlobalSection(SolutionConfigurationPlatforms) = preSolution
		Debug|Any CPU = Debug|Any CPU
		Release|Any CPU = Release|Any CPU
	EndGlobalSection
	GlobalSection(ProjectConfigurationPlatforms) = postSolution
		{8E2D17FB-8B37-44B1-843E-37525DCB485E}.Debug|Any CPU.ActiveCfg = Debug|Any CPU
		{8E2D17FB-8B37-44B1-843E-37525DCB485E}.Debug|Any CPU.Build.0 = Debug|Any CPU
		{8E2D17FB-8B37-44B1-843E-37525DCB485E}.Release|Any CPU.ActiveCfg = Release|Any CPU
		{8E2D17FB-8B37-44B1-843E-37525DCB485E}.Release|Any CPU.Build.0 = Release|Any CPU
	EndGlobalSection
	GlobalSection(SolutionProperties) = preSolution
		HideSolutionNode = FALSE
	EndGlobalSection
	GlobalSection(ExtensibilityGlobals) = postSolution
		SolutionGuid = {298002D6-93EA-4EBD-BC69-52A400F770D7}
	EndGlobalSection
EndGlobal
